
Microsoft Visual Studio Solution File, Format Version 12.00
# Visual Studio Version 17
VisualStudioVersion = 17.13.35617.110
MinimumVisualStudioVersion = 10.0.40219.1
Project("{FAE04EC0-301F-11D3-BF4B-00C04F79EFBC}") = "HospitalSystemBlazor.Service", "HospitalSystemBlazor\HospitalSystemBlazor.Service.csproj", "{91C576B5-341E-402F-AE02-4962BE938DFB}"
EndProject
Project("{FAE04EC0-301F-11D3-BF4B-00C04F79EFBC}") = "HospitalSystemBlazor.Data", "HospitalSystemBlazor.Data\HospitalSystemBlazor.Data.csproj", "{3D886635-D2E5-4FED-9F5B-B7C2867306D9}"
EndProject
Project("{FAE04EC0-301F-11D3-BF4B-00C04F79EFBC}") = "HospitalSystemBlazor.API", "HospitalSystemBlazor.API\HospitalSystemBlazor.API.csproj", "{5D43B30F-2122-4837-ADE9-0758FDC869B7}"
EndProject
Project("{FAE04EC0-301F-11D3-BF4B-00C04F79EFBC}") = "HospitalSystemBlazor.Entities", "HospitalSystemBlazor.Entities\HospitalSystemBlazor.Entities.csproj", "{8EE64152-8A9F-48F8-8B2A-532A59BCB880}"
EndProject
Project("{FAE04EC0-301F-11D3-BF4B-00C04F79EFBC}") = "HospitalSystemBlazor.Web", "HospitalSystemBlazor.Web\HospitalSystemBlazor.Web.csproj", "{73713204-F884-4677-B160-3595E0D043B4}"
EndProject
Project("{FAE04EC0-301F-11D3-BF4B-00C04F79EFBC}") = "BlazorApp1", "BlazorApp1\BlazorApp1.csproj", "{52E511FB-28D4-44A7-A3FF-2C487501DB98}"
EndProject
Global
	GlobalSection(SolutionConfigurationPlatforms) = preSolution
		Debug|Any CPU = Debug|Any CPU
		Release|Any CPU = Release|Any CPU
	EndGlobalSection
	GlobalSection(ProjectConfigurationPlatforms) = postSolution
		{91C576B5-341E-402F-AE02-4962BE938DFB}.Debug|Any CPU.ActiveCfg = Debug|Any CPU
		{91C576B5-341E-402F-AE02-4962BE938DFB}.Debug|Any CPU.Build.0 = Debug|Any CPU
		{91C576B5-341E-402F-AE02-4962BE938DFB}.Release|Any CPU.ActiveCfg = Release|Any CPU
		{91C576B5-341E-402F-AE02-4962BE938DFB}.Release|Any CPU.Build.0 = Release|Any CPU
		{3D886635-D2E5-4FED-9F5B-B7C2867306D9}.Debug|Any CPU.ActiveCfg = Debug|Any CPU
		{3D886635-D2E5-4FED-9F5B-B7C2867306D9}.Debug|Any CPU.Build.0 = Debug|Any CPU
		{3D886635-D2E5-4FED-9F5B-B7C2867306D9}.Release|Any CPU.ActiveCfg = Release|Any CPU
		{3D886635-D2E5-4FED-9F5B-B7C2867306D9}.Release|Any CPU.Build.0 = Release|Any CPU
		{5D43B30F-2122-4837-ADE9-0758FDC869B7}.Debug|Any CPU.ActiveCfg = Debug|Any CPU
		{5D43B30F-2122-4837-ADE9-0758FDC869B7}.Debug|Any CPU.Build.0 = Debug|Any CPU
		{5D43B30F-2122-4837-ADE9-0758FDC869B7}.Release|Any CPU.ActiveCfg = Release|Any CPU
		{5D43B30F-2122-4837-ADE9-0758FDC869B7}.Release|Any CPU.Build.0 = Release|Any CPU
		{8EE64152-8A9F-48F8-8B2A-532A59BCB880}.Debug|Any CPU.ActiveCfg = Debug|Any CPU
		{8EE64152-8A9F-48F8-8B2A-532A59BCB880}.Debug|Any CPU.Build.0 = Debug|Any CPU
		{8EE64152-8A9F-48F8-8B2A-532A59BCB880}.Release|Any CPU.ActiveCfg = Release|Any CPU
		{8EE64152-8A9F-48F8-8B2A-532A59BCB880}.Release|Any CPU.Build.0 = Release|Any CPU
		{73713204-F884-4677-B160-3595E0D043B4}.Debug|Any CPU.ActiveCfg = Debug|Any CPU
		{73713204-F884-4677-B160-3595E0D043B4}.Debug|Any CPU.Build.0 = Debug|Any CPU
		{73713204-F884-4677-B160-3595E0D043B4}.Release|Any CPU.ActiveCfg = Release|Any CPU
		{73713204-F884-4677-B160-3595E0D043B4}.Release|Any CPU.Build.0 = Release|Any CPU
		{52E511FB-28D4-44A7-A3FF-2C487501DB98}.Debug|Any CPU.ActiveCfg = Debug|Any CPU
		{52E511FB-28D4-44A7-A3FF-2C487501DB98}.Debug|Any CPU.Build.0 = Debug|Any CPU
		{52E511FB-28D4-44A7-A3FF-2C487501DB98}.Release|Any CPU.ActiveCfg = Release|Any CPU
		{52E511FB-28D4-44A7-A3FF-2C487501DB98}.Release|Any CPU.Build.0 = Release|Any CPU
	EndGlobalSection
	GlobalSection(SolutionProperties) = preSolution
		HideSolutionNode = FALSE
	EndGlobalSection
	GlobalSection(ExtensibilityGlobals) = postSolution
		SolutionGuid = {923099E9-7369-463C-840A-194113832563}
	EndGlobalSection
EndGlobal
